// !$*UTF8*$!
{
	archiveVersion = 1;
	classes = {
	};
	objectVersion = 50;
	objects = {

/* Begin PBXBuildFile section */
		F4C37ABE24948D5200D11AE6 /* AppDelegate.swift in Sources */ = {isa = PBXBuildFile; fileRef = F4C37ABD24948D5200D11AE6 /* AppDelegate.swift */; };
		F4C37AC024948D5200D11AE6 /* SceneDelegate.swift in Sources */ = {isa = PBXBuildFile; fileRef = F4C37ABF24948D5200D11AE6 /* SceneDelegate.swift */; };
		F4C37AC224948D5200D11AE6 /* ViewController.swift in Sources */ = {isa = PBXBuildFile; fileRef = F4C37AC124948D5200D11AE6 /* ViewController.swift */; };
		F4C37AC524948D5200D11AE6 /* Main.storyboard in Resources */ = {isa = PBXBuildFile; fileRef = F4C37AC324948D5200D11AE6 /* Main.storyboard */; };
		F4C37AC724948D5A00D11AE6 /* Assets.xcassets in Resources */ = {isa = PBXBuildFile; fileRef = F4C37AC624948D5A00D11AE6 /* Assets.xcassets */; };
		F4C37ACA24948D5A00D11AE6 /* LaunchScreen.storyboard in Resources */ = {isa = PBXBuildFile; fileRef = F4C37AC824948D5A00D11AE6 /* LaunchScreen.storyboard */; };
		F4C37AD524948D5B00D11AE6 /* FlixsterTests.swift in Sources */ = {isa = PBXBuildFile; fileRef = F4C37AD424948D5B00D11AE6 /* FlixsterTests.swift */; };
		F4C37AE024948D5C00D11AE6 /* FlixsterUITests.swift in Sources */ = {isa = PBXBuildFile; fileRef = F4C37ADF24948D5C00D11AE6 /* FlixsterUITests.swift */; };
/* End PBXBuildFile section */

/* Begin PBXContainerItemProxy section */
		F4C37AD124948D5B00D11AE6 /* PBXContainerItemProxy */ = {
			isa = PBXContainerItemProxy;
			containerPortal = F4C37AB224948D5200D11AE6 /* Project object */;
			proxyType = 1;
			remoteGlobalIDString = F4C37AB924948D5200D11AE6;
			remoteInfo = Flixster;
		};
		F4C37ADC24948D5C00D11AE6 /* PBXContainerItemProxy */ = {
			isa = PBXContainerItemProxy;
			containerPortal = F4C37AB224948D5200D11AE6 /* Project object */;
			proxyType = 1;
			remoteGlobalIDString = F4C37AB924948D5200D11AE6;
			remoteInfo = Flixster;
		};
/* End PBXContainerItemProxy section */

/* Begin PBXFileReference section */
		F4C37ABA24948D5200D11AE6 /* Flixster.app */ = {isa = PBXFileReference; explicitFileType = wrapper.application; includeInIndex = 0; path = Flixster.app; sourceTree = BUILT_PRODUCTS_DIR; };
		F4C37ABD24948D5200D11AE6 /* AppDelegate.swift */ = {isa = PBXFileReference; lastKnownFileType = sourcecode.swift; path = AppDelegate.swift; sourceTree = "<group>"; };
		F4C37ABF24948D5200D11AE6 /* SceneDelegate.swift */ = {isa = PBXFileReference; lastKnownFileType = sourcecode.swift; path = SceneDelegate.swift; sourceTree = "<group>"; };
		F4C37AC124948D5200D11AE6 /* ViewController.swift */ = {isa = PBXFileReference; lastKnownFileType = sourcecode.swift; path = ViewController.swift; sourceTree = "<group>"; };
		F4C37AC424948D5200D11AE6 /* Base */ = {isa = PBXFileReference; lastKnownFileType = file.storyboard; name = Base; path = Base.lproj/Main.storyboard; sourceTree = "<group>"; };
		F4C37AC624948D5A00D11AE6 /* Assets.xcassets */ = {isa = PBXFileReference; lastKnownFileType = folder.assetcatalog; path = Assets.xcassets; sourceTree = "<group>"; };
		F4C37AC924948D5A00D11AE6 /* Base */ = {isa = PBXFileReference; lastKnownFileType = file.storyboard; name = Base; path = Base.lproj/LaunchScreen.storyboard; sourceTree = "<group>"; };
		F4C37ACB24948D5A00D11AE6 /* Info.plist */ = {isa = PBXFileReference; lastKnownFileType = text.plist.xml; path = Info.plist; sourceTree = "<group>"; };
		F4C37AD024948D5B00D11AE6 /* FlixsterTests.xctest */ = {isa = PBXFileReference; explicitFileType = wrapper.cfbundle; includeInIndex = 0; path = FlixsterTests.xctest; sourceTree = BUILT_PRODUCTS_DIR; };
		F4C37AD424948D5B00D11AE6 /* FlixsterTests.swift */ = {isa = PBXFileReference; lastKnownFileType = sourcecode.swift; path = FlixsterTests.swift; sourceTree = "<group>"; };
		F4C37AD624948D5C00D11AE6 /* Info.plist */ = {isa = PBXFileReference; lastKnownFileType = text.plist.xml; path = Info.plist; sourceTree = "<group>"; };
		F4C37ADB24948D5C00D11AE6 /* FlixsterUITests.xctest */ = {isa = PBXFileReference; explicitFileType = wrapper.cfbundle; includeInIndex = 0; path = FlixsterUITests.xctest; sourceTree = BUILT_PRODUCTS_DIR; };
		F4C37ADF24948D5C00D11AE6 /* FlixsterUITests.swift */ = {isa = PBXFileReference; lastKnownFileType = sourcecode.swift; path = FlixsterUITests.swift; sourceTree = "<group>"; };
		F4C37AE124948D5C00D11AE6 /* Info.plist */ = {isa = PBXFileReference; lastKnownFileType = text.plist.xml; path = Info.plist; sourceTree = "<group>"; };
/* End PBXFileReference section */

/* Begin PBXFrameworksBuildPhase section */
		F4C37AB724948D5200D11AE6 /* Frameworks */ = {
			isa = PBXFrameworksBuildPhase;
			buildActionMask = 2147483647;
			files = (
			);
			runOnlyForDeploymentPostprocessing = 0;
		};
		F4C37ACD24948D5B00D11AE6 /* Frameworks */ = {
			isa = PBXFrameworksBuildPhase;
			buildActionMask = 2147483647;
			files = (
			);
			runOnlyForDeploymentPostprocessing = 0;
		};
		F4C37AD824948D5C00D11AE6 /* Frameworks */ = {
			isa = PBXFrameworksBuildPhase;
			buildActionMask = 2147483647;
			files = (
			);
			runOnlyForDeploymentPostprocessing = 0;
		};
/* End PBXFrameworksBuildPhase section */

/* Begin PBXGroup section */
		F4C37AB124948D5200D11AE6 = {
			isa = PBXGroup;
			children = (
				F4C37ABC24948D5200D11AE6 /* Flixster */,
				F4C37AD324948D5B00D11AE6 /* FlixsterTests */,
				F4C37ADE24948D5C00D11AE6 /* FlixsterUITests */,
				F4C37ABB24948D5200D11AE6 /* Products */,
			);
			sourceTree = "<group>";
		};
		F4C37ABB24948D5200D11AE6 /* Products */ = {
			isa = PBXGroup;
			children = (
				F4C37ABA24948D5200D11AE6 /* Flixster.app */,
				F4C37AD024948D5B00D11AE6 /* FlixsterTests.xctest */,
				F4C37ADB24948D5C00D11AE6 /* FlixsterUITests.xctest */,
			);
			name = Products;
			sourceTree = "<group>";
		};
		F4C37ABC24948D5200D11AE6 /* Flixster */ = {
			isa = PBXGroup;
			children = (
				F4C37ABD24948D5200D11AE6 /* AppDelegate.swift */,
				F4C37ABF24948D5200D11AE6 /* SceneDelegate.swift */,
				F4C37AC124948D5200D11AE6 /* ViewController.swift */,
				F4C37AC324948D5200D11AE6 /* Main.storyboard */,
				F4C37AC624948D5A00D11AE6 /* Assets.xcassets */,
				F4C37AC824948D5A00D11AE6 /* LaunchScreen.storyboard */,
				F4C37ACB24948D5A00D11AE6 /* Info.plist */,
			);
			path = Flixster;
			sourceTree = "<group>";
		};
		F4C37AD324948D5B00D11AE6 /* FlixsterTests */ = {
			isa = PBXGroup;
			children = (
				F4C37AD424948D5B00D11AE6 /* FlixsterTests.swift */,
				F4C37AD624948D5C00D11AE6 /* Info.plist */,
			);
			path = FlixsterTests;
			sourceTree = "<group>";
		};
		F4C37ADE24948D5C00D11AE6 /* FlixsterUITests */ = {
			isa = PBXGroup;
			children = (
				F4C37ADF24948D5C00D11AE6 /* FlixsterUITests.swift */,
				F4C37AE124948D5C00D11AE6 /* Info.plist */,
			);
			path = FlixsterUITests;
			sourceTree = "<group>";
		};
/* End PBXGroup section */

/* Begin PBXNativeTarget section */
		F4C37AB924948D5200D11AE6 /* Flixster */ = {
			isa = PBXNativeTarget;
			buildConfigurationList = F4C37AE424948D5C00D11AE6 /* Build configuration list for PBXNativeTarget "Flixster" */;
			buildPhases = (
				F4C37AB624948D5200D11AE6 /* Sources */,
				F4C37AB724948D5200D11AE6 /* Frameworks */,
				F4C37AB824948D5200D11AE6 /* Resources */,
			);
			buildRules = (
			);
			dependencies = (
			);
			name = Flixster;
			productName = Flixster;
			productReference = F4C37ABA24948D5200D11AE6 /* Flixster.app */;
			productType = "com.apple.product-type.application";
		};
		F4C37ACF24948D5B00D11AE6 /* FlixsterTests */ = {
			isa = PBXNativeTarget;
			buildConfigurationList = F4C37AE724948D5C00D11AE6 /* Build configuration list for PBXNativeTarget "FlixsterTests" */;
			buildPhases = (
				F4C37ACC24948D5B00D11AE6 /* Sources */,
				F4C37ACD24948D5B00D11AE6 /* Frameworks */,
				F4C37ACE24948D5B00D11AE6 /* Resources */,
			);
			buildRules = (
			);
			dependencies = (
				F4C37AD224948D5B00D11AE6 /* PBXTargetDependency */,
			);
			name = FlixsterTests;
			productName = FlixsterTests;
			productReference = F4C37AD024948D5B00D11AE6 /* FlixsterTests.xctest */;
			productType = "com.apple.product-type.bundle.unit-test";
		};
		F4C37ADA24948D5C00D11AE6 /* FlixsterUITests */ = {
			isa = PBXNativeTarget;
			buildConfigurationList = F4C37AEA24948D5C00D11AE6 /* Build configuration list for PBXNativeTarget "FlixsterUITests" */;
			buildPhases = (
				F4C37AD724948D5C00D11AE6 /* Sources */,
				F4C37AD824948D5C00D11AE6 /* Frameworks */,
				F4C37AD924948D5C00D11AE6 /* Resources */,
			);
			buildRules = (
			);
			dependencies = (
				F4C37ADD24948D5C00D11AE6 /* PBXTargetDependency */,
			);
			name = FlixsterUITests;
			productName = FlixsterUITests;
			productReference = F4C37ADB24948D5C00D11AE6 /* FlixsterUITests.xctest */;
			productType = "com.apple.product-type.bundle.ui-testing";
		};
/* End PBXNativeTarget section */

/* Begin PBXProject section */
		F4C37AB224948D5200D11AE6 /* Project object */ = {
			isa = PBXProject;
			attributes = {
				LastSwiftUpdateCheck = 1150;
				LastUpgradeCheck = 1150;
				ORGANIZATIONNAME = karanmakwana1;
				TargetAttributes = {
					F4C37AB924948D5200D11AE6 = {
						CreatedOnToolsVersion = 11.5;
					};
					F4C37ACF24948D5B00D11AE6 = {
						CreatedOnToolsVersion = 11.5;
						TestTargetID = F4C37AB924948D5200D11AE6;
					};
					F4C37ADA24948D5C00D11AE6 = {
						CreatedOnToolsVersion = 11.5;
						TestTargetID = F4C37AB924948D5200D11AE6;
					};
				};
			};
			buildConfigurationList = F4C37AB524948D5200D11AE6 /* Build configuration list for PBXProject "Flixster" */;
			compatibilityVersion = "Xcode 9.3";
			developmentRegion = en;
			hasScannedForEncodings = 0;
			knownRegions = (
				en,
				Base,
			);
			mainGroup = F4C37AB124948D5200D11AE6;
			productRefGroup = F4C37ABB24948D5200D11AE6 /* Products */;
			projectDirPath = "";
			projectRoot = "";
			targets = (
				F4C37AB924948D5200D11AE6 /* Flixster */,
				F4C37ACF24948D5B00D11AE6 /* FlixsterTests */,
				F4C37ADA24948D5C00D11AE6 /* FlixsterUITests */,
			);
		};
/* End PBXProject section */

/* Begin PBXResourcesBuildPhase section */
		F4C37AB824948D5200D11AE6 /* Resources */ = {
			isa = PBXResourcesBuildPhase;
			buildActionMask = 2147483647;
			files = (
				F4C37ACA24948D5A00D11AE6 /* LaunchScreen.storyboard in Resources */,
				F4C37AC724948D5A00D11AE6 /* Assets.xcassets in Resources */,
				F4C37AC524948D5200D11AE6 /* Main.storyboard in Resources */,
			);
			runOnlyForDeploymentPostprocessing = 0;
		};
		F4C37ACE24948D5B00D11AE6 /* Resources */ = {
			isa = PBXResourcesBuildPhase;
			buildActionMask = 2147483647;
			files = (
			);
			runOnlyForDeploymentPostprocessing = 0;
		};
		F4C37AD924948D5C00D11AE6 /* Resources */ = {
			isa = PBXResourcesBuildPhase;
			buildActionMask = 2147483647;
			files = (
			);
			runOnlyForDeploymentPostprocessing = 0;
		};
/* End PBXResourcesBuildPhase section */

/* Begin PBXSourcesBuildPhase section */
		F4C37AB624948D5200D11AE6 /* Sources */ = {
			isa = PBXSourcesBuildPhase;
			buildActionMask = 2147483647;
			files = (
				F4C37AC224948D5200D11AE6 /* ViewController.swift in Sources */,
				F4C37ABE24948D5200D11AE6 /* AppDelegate.swift in Sources */,
				F4C37AC024948D5200D11AE6 /* SceneDelegate.swift in Sources */,
			);
			runOnlyForDeploymentPostprocessing = 0;
		};
		F4C37ACC24948D5B00D11AE6 /* Sources */ = {
			isa = PBXSourcesBuildPhase;
			buildActionMask = 2147483647;
			files = (
				F4C37AD524948D5B00D11AE6 /* FlixsterTests.swift in Sources */,
			);
			runOnlyForDeploymentPostprocessing = 0;
		};
		F4C37AD724948D5C00D11AE6 /* Sources */ = {
			isa = PBXSourcesBuildPhase;
			buildActionMask = 2147483647;
			files = (
				F4C37AE024948D5C00D11AE6 /* FlixsterUITests.swift in Sources */,
			);
			runOnlyForDeploymentPostprocessing = 0;
		};
/* End PBXSourcesBuildPhase section */

/* Begin PBXTargetDependency section */
		F4C37AD224948D5B00D11AE6 /* PBXTargetDependency */ = {
			isa = PBXTargetDependency;
			target = F4C37AB924948D5200D11AE6 /* Flixster */;
			targetProxy = F4C37AD124948D5B00D11AE6 /* PBXContainerItemProxy */;
		};
		F4C37ADD24948D5C00D11AE6 /* PBXTargetDependency */ = {
			isa = PBXTargetDependency;
			target = F4C37AB924948D5200D11AE6 /* Flixster */;
			targetProxy = F4C37ADC24948D5C00D11AE6 /* PBXContainerItemProxy */;
		};
/* End PBXTargetDependency section */

/* Begin PBXVariantGroup section */
		F4C37AC324948D5200D11AE6 /* Main.storyboard */ = {
			isa = PBXVariantGroup;
			children = (
				F4C37AC424948D5200D11AE6 /* Base */,
			);
			name = Main.storyboard;
			sourceTree = "<group>";
		};
		F4C37AC824948D5A00D11AE6 /* LaunchScreen.storyboard */ = {
			isa = PBXVariantGroup;
			children = (
				F4C37AC924948D5A00D11AE6 /* Base */,
			);
			name = LaunchScreen.storyboard;
			sourceTree = "<group>";
		};
/* End PBXVariantGroup section */

/* Begin XCBuildConfiguration section */
		F4C37AE224948D5C00D11AE6 /* Debug */ = {
			isa = XCBuildConfiguration;
			buildSettings = {
				ALWAYS_SEARCH_USER_PATHS = NO;
				CLANG_ANALYZER_NONNULL = YES;
				CLANG_ANALYZER_NUMBER_OBJECT_CONVERSION = YES_AGGRESSIVE;
				CLANG_CXX_LANGUAGE_STANDARD = "gnu++14";
				CLANG_CXX_LIBRARY = "libc++";
				CLANG_ENABLE_MODULES = YES;
				CLANG_ENABLE_OBJC_ARC = YES;
				CLANG_ENABLE_OBJC_WEAK = YES;
				CLANG_WARN_BLOCK_CAPTURE_AUTORELEASING = YES;
				CLANG_WARN_BOOL_CONVERSION = YES;
				CLANG_WARN_COMMA = YES;
				CLANG_WARN_CONSTANT_CONVERSION = YES;
				CLANG_WARN_DEPRECATED_OBJC_IMPLEMENTATIONS = YES;
				CLANG_WARN_DIRECT_OBJC_ISA_USAGE = YES_ERROR;
				CLANG_WARN_DOCUMENTATION_COMMENTS = YES;
				CLANG_WARN_EMPTY_BODY = YES;
				CLANG_WARN_ENUM_CONVERSION = YES;
				CLANG_WARN_INFINITE_RECURSION = YES;
				CLANG_WARN_INT_CONVERSION = YES;
				CLANG_WARN_NON_LITERAL_NULL_CONVERSION = YES;
				CLANG_WARN_OBJC_IMPLICIT_RETAIN_SELF = YES;
				CLANG_WARN_OBJC_LITERAL_CONVERSION = YES;
				CLANG_WARN_OBJC_ROOT_CLASS = YES_ERROR;
				CLANG_WARN_RANGE_LOOP_ANALYSIS = YES;
				CLANG_WARN_STRICT_PROTOTYPES = YES;
				CLANG_WARN_SUSPICIOUS_MOVE = YES;
				CLANG_WARN_UNGUARDED_AVAILABILITY = YES_AGGRESSIVE;
				CLANG_WARN_UNREACHABLE_CODE = YES;
				CLANG_WARN__DUPLICATE_METHOD_MATCH = YES;
				COPY_PHASE_STRIP = NO;
				DEBUG_INFORMATION_FORMAT = dwarf;
				ENABLE_STRICT_OBJC_MSGSEND = YES;
				ENABLE_TESTABILITY = YES;
				GCC_C_LANGUAGE_STANDARD = gnu11;
				GCC_DYNAMIC_NO_PIC = NO;
				GCC_NO_COMMON_BLOCKS = YES;
				GCC_OPTIMIZATION_LEVEL = 0;
				GCC_PREPROCESSOR_DEFINITIONS = (
					"DEBUG=1",
					"$(inherited)",
				);
				GCC_WARN_64_TO_32_BIT_CONVERSION = YES;
				GCC_WARN_ABOUT_RETURN_TYPE = YES_ERROR;
				GCC_WARN_UNDECLARED_SELECTOR = YES;
				GCC_WARN_UNINITIALIZED_AUTOS = YES_AGGRESSIVE;
				GCC_WARN_UNUSED_FUNCTION = YES;
				GCC_WARN_UNUSED_VARIABLE = YES;
				IPHONEOS_DEPLOYMENT_TARGET = 13.5;
				MTL_ENABLE_DEBUG_INFO = INCLUDE_SOURCE;
				MTL_FAST_MATH = YES;
				ONLY_ACTIVE_ARCH = YES;
				SDKROOT = iphoneos;
				SWIFT_ACTIVE_COMPILATION_CONDITIONS = DEBUG;
				SWIFT_OPTIMIZATION_LEVEL = "-Onone";
			};
			name = Debug;
		};
		F4C37AE324948D5C00D11AE6 /* Release */ = {
			isa = XCBuildConfiguration;
			buildSettings = {
				ALWAYS_SEARCH_USER_PATHS = NO;
				CLANG_ANALYZER_NONNULL = YES;
				CLANG_ANALYZER_NUMBER_OBJECT_CONVERSION = YES_AGGRESSIVE;
				CLANG_CXX_LANGUAGE_STANDARD = "gnu++14";
				CLANG_CXX_LIBRARY = "libc++";
				CLANG_ENABLE_MODULES = YES;
				CLANG_ENABLE_OBJC_ARC = YES;
				CLANG_ENABLE_OBJC_WEAK = YES;
				CLANG_WARN_BLOCK_CAPTURE_AUTORELEASING = YES;
				CLANG_WARN_BOOL_CONVERSION = YES;
				CLANG_WARN_COMMA = YES;
				CLANG_WARN_CONSTANT_CONVERSION = YES;
				CLANG_WARN_DEPRECATED_OBJC_IMPLEMENTATIONS = YES;
				CLANG_WARN_DIRECT_OBJC_ISA_USAGE = YES_ERROR;
				CLANG_WARN_DOCUMENTATION_COMMENTS = YES;
				CLANG_WARN_EMPTY_BODY = YES;
				CLANG_WARN_ENUM_CONVERSION = YES;
				CLANG_WARN_INFINITE_RECURSION = YES;
				CLANG_WARN_INT_CONVERSION = YES;
				CLANG_WARN_NON_LITERAL_NULL_CONVERSION = YES;
				CLANG_WARN_OBJC_IMPLICIT_RETAIN_SELF = YES;
				CLANG_WARN_OBJC_LITERAL_CONVERSION = YES;
				CLANG_WARN_OBJC_ROOT_CLASS = YES_ERROR;
				CLANG_WARN_RANGE_LOOP_ANALYSIS = YES;
				CLANG_WARN_STRICT_PROTOTYPES = YES;
				CLANG_WARN_SUSPICIOUS_MOVE = YES;
				CLANG_WARN_UNGUARDED_AVAILABILITY = YES_AGGRESSIVE;
				CLANG_WARN_UNREACHABLE_CODE = YES;
				CLANG_WARN__DUPLICATE_METHOD_MATCH = YES;
				COPY_PHASE_STRIP = NO;
				DEBUG_INFORMATION_FORMAT = "dwarf-with-dsym";
				ENABLE_NS_ASSERTIONS = NO;
				ENABLE_STRICT_OBJC_MSGSEND = YES;
				GCC_C_LANGUAGE_STANDARD = gnu11;
				GCC_NO_COMMON_BLOCKS = YES;
				GCC_WARN_64_TO_32_BIT_CONVERSION = YES;
				GCC_WARN_ABOUT_RETURN_TYPE = YES_ERROR;
				GCC_WARN_UNDECLARED_SELECTOR = YES;
				GCC_WARN_UNINITIALIZED_AUTOS = YES_AGGRESSIVE;
				GCC_WARN_UNUSED_FUNCTION = YES;
				GCC_WARN_UNUSED_VARIABLE = YES;
				IPHONEOS_DEPLOYMENT_TARGET = 13.5;
				MTL_ENABLE_DEBUG_INFO = NO;
				MTL_FAST_MATH = YES;
				SDKROOT = iphoneos;
				SWIFT_COMPILATION_MODE = wholemodule;
				SWIFT_OPTIMIZATION_LEVEL = "-O";
				VALIDATE_PRODUCT = YES;
			};
			name = Release;
		};
		F4C37AE524948D5C00D11AE6 /* Debug */ = {
			isa = XCBuildConfiguration;
			buildSettings = {
				ASSETCATALOG_COMPILER_APPICON_NAME = AppIcon;
				CODE_SIGN_STYLE = Automatic;
				INFOPLIST_FILE = Flixster/Info.plist;
				LD_RUNPATH_SEARCH_PATHS = (
					"$(inherited)",
					"@executable_path/Frameworks",
				);
				PRODUCT_BUNDLE_IDENTIFIER = "karanmakwana1-icloud.com.Flixster";
				PRODUCT_NAME = "$(TARGET_NAME)";
				SWIFT_VERSION = 5.0;
				TARGETED_DEVICE_FAMILY = "1,2";
			};
			name = Debug;
		};
		F4C37AE624948D5C00D11AE6 /* Release */ = {
			isa = XCBuildConfiguration;
			buildSettings = {
				ASSETCATALOG_COMPILER_APPICON_NAME = AppIcon;
				CODE_SIGN_STYLE = Automatic;
				INFOPLIST_FILE = Flixster/Info.plist;
				LD_RUNPATH_SEARCH_PATHS = (
					"$(inherited)",
					"@executable_path/Frameworks",
				);
				PRODUCT_BUNDLE_IDENTIFIER = "karanmakwana1-icloud.com.Flixster";
				PRODUCT_NAME = "$(TARGET_NAME)";
				SWIFT_VERSION = 5.0;
				TARGETED_DEVICE_FAMILY = "1,2";
			};
			name = Release;
		};
		F4C37AE824948D5C00D11AE6 /* Debug */ = {
			isa = XCBuildConfiguration;
			buildSettings = {
				ALWAYS_EMBED_SWIFT_STANDARD_LIBRARIES = YES;
				BUNDLE_LOADER = "$(TEST_HOST)";
				CODE_SIGN_STYLE = Automatic;
				INFOPLIST_FILE = FlixsterTests/Info.plist;
				IPHONEOS_DEPLOYMENT_TARGET = 13.5;
				LD_RUNPATH_SEARCH_PATHS = (
					"$(inherited)",
					"@executable_path/Frameworks",
					"@loader_path/Frameworks",
				);
				PRODUCT_BUNDLE_IDENTIFIER = "karanmakwana1-icloud.com.FlixsterTests";
				PRODUCT_NAME = "$(TARGET_NAME)";
				SWIFT_VERSION = 5.0;
				TARGETED_DEVICE_FAMILY = "1,2";
				TEST_HOST = "$(BUILT_PRODUCTS_DIR)/Flixster.app/Flixster";
			};
			name = Debug;
		};
		F4C37AE924948D5C00D11AE6 /* Release */ = {
			isa = XCBuildConfiguration;
			buildSettings = {
				ALWAYS_EMBED_SWIFT_STANDARD_LIBRARIES = YES;
				BUNDLE_LOADER = "$(TEST_HOST)";
				CODE_SIGN_STYLE = Automatic;
				INFOPLIST_FILE = FlixsterTests/Info.plist;
				IPHONEOS_DEPLOYMENT_TARGET = 13.5;
				LD_RUNPATH_SEARCH_PATHS = (
					"$(inherited)",
					"@executable_path/Frameworks",
					"@loader_path/Frameworks",
				);
				PRODUCT_BUNDLE_IDENTIFIER = "karanmakwana1-icloud.com.FlixsterTests";
				PRODUCT_NAME = "$(TARGET_NAME)";
				SWIFT_VERSION = 5.0;
				TARGETED_DEVICE_FAMILY = "1,2";
				TEST_HOST = "$(BUILT_PRODUCTS_DIR)/Flixster.app/Flixster";
			};
			name = Release;
		};
		F4C37AEB24948D5C00D11AE6 /* Debug */ = {
			isa = XCBuildConfiguration;
			buildSettings = {
				ALWAYS_EMBED_SWIFT_STANDARD_LIBRARIES = YES;
				CODE_SIGN_STYLE = Automatic;
				INFOPLIST_FILE = FlixsterUITests/Info.plist;
				LD_RUNPATH_SEARCH_PATHS = (
					"$(inherited)",
					"@executable_path/Frameworks",
					"@loader_path/Frameworks",
				);
				PRODUCT_BUNDLE_IDENTIFIER = "karanmakwana1-icloud.com.FlixsterUITests";
				PRODUCT_NAME = "$(TARGET_NAME)";
				SWIFT_VERSION = 5.0;
				TARGETED_DEVICE_FAMILY = "1,2";
				TEST_TARGET_NAME = Flixster;
			};
			name = Debug;
		};
		F4C37AEC24948D5C00D11AE6 /* Release */ = {
			isa = XCBuildConfiguration;
			buildSettings = {
				ALWAYS_EMBED_SWIFT_STANDARD_LIBRARIES = YES;
				CODE_SIGN_STYLE = Automatic;
				INFOPLIST_FILE = FlixsterUITests/Info.plist;
				LD_RUNPATH_SEARCH_PATHS = (
					"$(inherited)",
					"@executable_path/Frameworks",
					"@loader_path/Frameworks",
				);
				PRODUCT_BUNDLE_IDENTIFIER = "karanmakwana1-icloud.com.FlixsterUITests";
				PRODUCT_NAME = "$(TARGET_NAME)";
				SWIFT_VERSION = 5.0;
				TARGETED_DEVICE_FAMILY = "1,2";
				TEST_TARGET_NAME = Flixster;
			};
			name = Release;
		};
/* End XCBuildConfiguration section */

/* Begin XCConfigurationList section */
		F4C37AB524948D5200D11AE6 /* Build configuration list for PBXProject "Flixster" */ = {
			isa = XCConfigurationList;
			buildConfigurations = (
				F4C37AE224948D5C00D11AE6 /* Debug */,
				F4C37AE324948D5C00D11AE6 /* Release */,
			);
			defaultConfigurationIsVisible = 0;
			defaultConfigurationName = Release;
		};
		F4C37AE424948D5C00D11AE6 /* Build configuration list for PBXNativeTarget "Flixster" */ = {
			isa = XCConfigurationList;
			buildConfigurations = (
				F4C37AE524948D5C00D11AE6 /* Debug */,
				F4C37AE624948D5C00D11AE6 /* Release */,
			);
			defaultConfigurationIsVisible = 0;
			defaultConfigurationName = Release;
		};
		F4C37AE724948D5C00D11AE6 /* Build configuration list for PBXNativeTarget "FlixsterTests" */ = {
			isa = XCConfigurationList;
			buildConfigurations = (
				F4C37AE824948D5C00D11AE6 /* Debug */,
				F4C37AE924948D5C00D11AE6 /* Release */,
			);
			defaultConfigurationIsVisible = 0;
			defaultConfigurationName = Release;
		};
		F4C37AEA24948D5C00D11AE6 /* Build configuration list for PBXNativeTarget "FlixsterUITests" */ = {
			isa = XCConfigurationList;
			buildConfigurations = (
				F4C37AEB24948D5C00D11AE6 /* Debug */,
				F4C37AEC24948D5C00D11AE6 /* Release */,
			);
			defaultConfigurationIsVisible = 0;
			defaultConfigurationName = Release;
		};
/* End XCConfigurationList section */
	};
	rootObject = F4C37AB224948D5200D11AE6 /* Project object */;
}
